// !$*UTF8*$!
{
	archiveVersion = 1;
	classes = {
	};
	objectVersion = 46;
	objects = {

/* Begin PBXBuildFile section */
		4264BB8B1D06D2EA00CF4A2C /* main.m in Sources */ = {isa = PBXBuildFile; fileRef = 4264BB8A1D06D2EA00CF4A2C /* main.m */; };
		4264BB931D06D3D600CF4A2C /* BNRLogger.m in Sources */ = {isa = PBXBuildFile; fileRef = 4264BB921D06D3D600CF4A2C /* BNRLogger.m */; };
/* End PBXBuildFile section */

/* Begin PBXCopyFilesBuildPhase section */
		4264BB851D06D2EA00CF4A2C /* CopyFiles */ = {
			isa = PBXCopyFilesBuildPhase;
			buildActionMask = 2147483647;
			dstPath = /usr/share/man/man1/;
			dstSubfolderSpec = 0;
			files = (
			);
			runOnlyForDeploymentPostprocessing = 1;
		};
/* End PBXCopyFilesBuildPhase section */

/* Begin PBXFileReference section */
		4264BB871D06D2EA00CF4A2C /* CallbacksDemo */ = {isa = PBXFileReference; explicitFileType = "compiled.mach-o.executable"; includeInIndex = 0; path = CallbacksDemo; sourceTree = BUILT_PRODUCTS_DIR; };
		4264BB8A1D06D2EA00CF4A2C /* main.m */ = {isa = PBXFileReference; lastKnownFileType = sourcecode.c.objc; path = main.m; sourceTree = "<group>"; };
		4264BB911D06D3D600CF4A2C /* BNRLogger.h */ = {isa = PBXFileReference; fileEncoding = 4; lastKnownFileType = sourcecode.c.h; path = BNRLogger.h; sourceTree = "<group>"; };
		4264BB921D06D3D600CF4A2C /* BNRLogger.m */ = {isa = PBXFileReference; fileEncoding = 4; lastKnownFileType = sourcecode.c.objc; path = BNRLogger.m; sourceTree = "<group>"; };
/* End PBXFileReference section */

/* Begin PBXFrameworksBuildPhase section */
		4264BB841D06D2EA00CF4A2C /* Frameworks */ = {
			isa = PBXFrameworksBuildPhase;
			buildActionMask = 2147483647;
			files = (
			);
			runOnlyForDeploymentPostprocessing = 0;
		};
/* End PBXFrameworksBuildPhase section */

/* Begin PBXGroup section */
		4264BB7E1D06D2EA00CF4A2C = {
			isa = PBXGroup;
			children = (
				4264BB891D06D2EA00CF4A2C /* CallbacksDemo */,
				4264BB881D06D2EA00CF4A2C /* Products */,
			);
			sourceTree = "<group>";
		};
		4264BB881D06D2EA00CF4A2C /* Products */ = {
			isa = PBXGroup;
			children = (
				4264BB871D06D2EA00CF4A2C /* CallbacksDemo */,
			);
			name = Products;
			sourceTree = "<group>";
		};
		4264BB891D06D2EA00CF4A2C /* CallbacksDemo */ = {
			isa = PBXGroup;
			children = (
				4264BB8A1D06D2EA00CF4A2C /* main.m */,
				4264BB911D06D3D600CF4A2C /* BNRLogger.h */,
				4264BB921D06D3D600CF4A2C /* BNRLogger.m */,
			);
			path = CallbacksDemo;
			sourceTree = "<group>";
		};
/* End PBXGroup section */

/* Begin PBXNativeTarget section */
		4264BB861D06D2EA00CF4A2C /* CallbacksDemo */ = {
			isa = PBXNativeTarget;
			buildConfigurationList = 4264BB8E1D06D2EA00CF4A2C /* Build configuration list for PBXNativeTarget "CallbacksDemo" */;
			buildPhases = (
				4264BB831D06D2EA00CF4A2C /* Sources */,
				4264BB841D06D2EA00CF4A2C /* Frameworks */,
				4264BB851D06D2EA00CF4A2C /* CopyFiles */,
			);
			buildRules = (
			);
			dependencies = (
			);
			name = CallbacksDemo;
			productName = CallbacksDemo;
			productReference = 4264BB871D06D2EA00CF4A2C /* CallbacksDemo */;
			productType = "com.apple.product-type.tool";
		};
/* End PBXNativeTarget section */

/* Begin PBXProject section */
		4264BB7F1D06D2EA00CF4A2C /* Project object */ = {
			isa = PBXProject;
			attributes = {
				LastUpgradeCheck = 0730;
				ORGANIZATIONNAME = Kingson;
				TargetAttributes = {
					4264BB861D06D2EA00CF4A2C = {
						CreatedOnToolsVersion = 7.3.1;
					};
				};
			};
			buildConfigurationList = 4264BB821D06D2EA00CF4A2C /* Build configuration list for PBXProject "CallbacksDemo" */;
			compatibilityVersion = "Xcode 3.2";
			developmentRegion = English;
			hasScannedForEncodings = 0;
			knownRegions = (
				en,
			);
			mainGroup = 4264BB7E1D06D2EA00CF4A2C;
			productRefGroup = 4264BB881D06D2EA00CF4A2C /* Products */;
			projectDirPath = "";
			projectRoot = "";
			targets = (
				4264BB861D06D2EA00CF4A2C /* CallbacksDemo */,
			);
		};
/* End PBXProject section */

/* Begin PBXSourcesBuildPhase section */
		4264BB831D06D2EA00CF4A2C /* Sources */ = {
			isa = PBXSourcesBuildPhase;
			buildActionMask = 2147483647;
			files = (
				4264BB931D06D3D600CF4A2C /* BNRLogger.m in Sources */,
				4264BB8B1D06D2EA00CF4A2C /* main.m in Sources */,
			);
			runOnlyForDeploymentPostprocessing = 0;
		};
/* End PBXSourcesBuildPhase section */

/* Begin XCBuildConfiguration section */
		4264BB8C1D06D2EA00CF4A2C /* Debug */ = {
			isa = XCBuildConfiguration;
			buildSettings = {
				ALWAYS_SEARCH_USER_PATHS = NO;
				CLANG_ANALYZER_NONNULL = YES;
				CLANG_CXX_LANGUAGE_STANDARD = "gnu++0x";
				CLANG_CXX_LIBRARY = "libc++";
				CLANG_ENABLE_MODULES = YES;
				CLANG_ENABLE_OBJC_ARC = YES;
				CLANG_WARN_BOOL_CONVERSION = YES;
				CLANG_WARN_CONSTANT_CONVERSION = YES;
				CLANG_WARN_DIRECT_OBJC_ISA_USAGE = YES_ERROR;
				CLANG_WARN_EMPTY_BODY = YES;
				CLANG_WARN_ENUM_CONVERSION = YES;
				CLANG_WARN_INT_CONVERSION = YES;
				CLANG_WARN_OBJC_ROOT_CLASS = YES_ERROR;
				CLANG_WARN_UNREACHABLE_CODE = YES;
				CLANG_WARN__DUPLICATE_METHOD_MATCH = YES;
				CODE_SIGN_IDENTITY = "-";
				COPY_PHASE_STRIP = NO;
				DEBUG_INFORMATION_FORMAT = dwarf;
				ENABLE_STRICT_OBJC_MSGSEND = YES;
				ENABLE_TESTABILITY = YES;
				GCC_C_LANGUAGE_STANDARD = gnu99;
				GCC_DYNAMIC_NO_PIC = NO;
				GCC_NO_COMMON_BLOCKS = YES;
				GCC_OPTIMIZATION_LEVEL = 0;
				GCC_PREPROCESSOR_DEFINITIONS = (
					"DEBUG=1",
					"$(inherited)",
				);
				GCC_WARN_64_TO_32_BIT_CONVERSION = YES;
				GCC_WARN_ABOUT_RETURN_TYPE = YES_ERROR;
				GCC_WARN_UNDECLARED_SELECTOR = YES;
				GCC_WARN_UNINITIALIZED_AUTOS = YES_AGGRESSIVE;
				GCC_WARN_UNUSED_FUNCTION = YES;
				GCC_WARN_UNUSED_VARIABLE = YES;
				MACOSX_DEPLOYMENT_TARGET = 10.11;
				MTL_ENABLE_DEBUG_INFO = YES;
				ONLY_ACTIVE_ARCH = YES;
				SDKROOT = macosx;
			};
			name = Debug;
		};
		4264BB8D1D06D2EA00CF4A2C /* Release */ = {
			isa = XCBuildConfiguration;
			buildSettings = {
				ALWAYS_SEARCH_USER_PATHS = NO;
				CLANG_ANALYZER_NONNULL = YES;
				CLANG_CXX_LANGUAGE_STANDARD = "gnu++0x";
				CLANG_CXX_LIBRARY = "libc++";
				CLANG_ENABLE_MODULES = YES;
				CLANG_ENABLE_OBJC_ARC = YES;
				CLANG_WARN_BOOL_CONVERSION = YES;
				CLANG_WARN_CONSTANT_CONVERSION = YES;
				CLANG_WARN_DIRECT_OBJC_ISA_USAGE = YES_ERROR;
				CLANG_WARN_EMPTY_BODY = YES;
				CLANG_WARN_ENUM_CONVERSION = YES;
				CLANG_WARN_INT_CONVERSION = YES;
				CLANG_WARN_OBJC_ROOT_CLASS = YES_ERROR;
				CLANG_WARN_UNREACHABLE_CODE = YES;
				CLANG_WARN__DUPLICATE_METHOD_MATCH = YES;
				CODE_SIGN_IDENTITY = "-";
				COPY_PHASE_STRIP = NO;
				DEBUG_INFORMATION_FORMAT = "dwarf-with-dsym";
				ENABLE_NS_ASSERTIONS = NO;
				ENABLE_STRICT_OBJC_MSGSEND = YES;
				GCC_C_LANGUAGE_STANDARD = gnu99;
				GCC_NO_COMMON_BLOCKS = YES;
				GCC_WARN_64_TO_32_BIT_CONVERSION = YES;
				GCC_WARN_ABOUT_RETURN_TYPE = YES_ERROR;
				GCC_WARN_UNDECLARED_SELECTOR = YES;
				GCC_WARN_UNINITIALIZED_AUTOS = YES_AGGRESSIVE;
				GCC_WARN_UNUSED_FUNCTION = YES;
				GCC_WARN_UNUSED_VARIABLE = YES;
				MACOSX_DEPLOYMENT_TARGET = 10.11;
				MTL_ENABLE_DEBUG_INFO = NO;
				SDKROOT = macosx;
			};
			name = Release;
		};
		4264BB8F1D06D2EA00CF4A2C /* Debug */ = {
			isa = XCBuildConfiguration;
			buildSettings = {
				PRODUCT_NAME = "$(TARGET_NAME)";
			};
			name = Debug;
		};
		4264BB901D06D2EA00CF4A2C /* Release */ = {
			isa = XCBuildConfiguration;
			buildSettings = {
				PRODUCT_NAME = "$(TARGET_NAME)";
			};
			name = Release;
		};
/* End XCBuildConfiguration section */

/* Begin XCConfigurationList section */
		4264BB821D06D2EA00CF4A2C /* Build configuration list for PBXProject "CallbacksDemo" */ = {
			isa = XCConfigurationList;
			buildConfigurations = (
				4264BB8C1D06D2EA00CF4A2C /* Debug */,
				4264BB8D1D06D2EA00CF4A2C /* Release */,
			);
			defaultConfigurationIsVisible = 0;
			defaultConfigurationName = Release;
		};
		4264BB8E1D06D2EA00CF4A2C /* Build configuration list for PBXNativeTarget "CallbacksDemo" */ = {
			isa = XCConfigurationList;
			buildConfigurations = (
				4264BB8F1D06D2EA00CF4A2C /* Debug */,
				4264BB901D06D2EA00CF4A2C /* Release */,
			);
			defaultConfigurationIsVisible = 0;
		};
/* End XCConfigurationList section */
	};
	rootObject = 4264BB7F1D06D2EA00CF4A2C /* Project object */;
}
