// !$*UTF8*$!
{
	archiveVersion = 1;
	classes = {
	};
	objectVersion = 46;
	objects = {

/* Begin PBXBuildFile section */
		42EF21981D0D5A8400338A2A /* main.m in Sources */ = {isa = PBXBuildFile; fileRef = 42EF21971D0D5A8400338A2A /* main.m */; };
		42EF21A01D0D5AA000338A2A /* NSDate+VowelCounting.m in Sources */ = {isa = PBXBuildFile; fileRef = 42EF219F1D0D5AA000338A2A /* NSDate+VowelCounting.m */; };
/* End PBXBuildFile section */

/* Begin PBXCopyFilesBuildPhase section */
		42EF21921D0D5A8400338A2A /* CopyFiles */ = {
			isa = PBXCopyFilesBuildPhase;
			buildActionMask = 2147483647;
			dstPath = /usr/share/man/man1/;
			dstSubfolderSpec = 0;
			files = (
			);
			runOnlyForDeploymentPostprocessing = 1;
		};
/* End PBXCopyFilesBuildPhase section */

/* Begin PBXFileReference section */
		42EF21941D0D5A8400338A2A /* DateMongerDemo */ = {isa = PBXFileReference; explicitFileType = "compiled.mach-o.executable"; includeInIndex = 0; path = DateMongerDemo; sourceTree = BUILT_PRODUCTS_DIR; };
		42EF21971D0D5A8400338A2A /* main.m */ = {isa = PBXFileReference; lastKnownFileType = sourcecode.c.objc; path = main.m; sourceTree = "<group>"; };
		42EF219E1D0D5AA000338A2A /* NSDate+VowelCounting.h */ = {isa = PBXFileReference; fileEncoding = 4; lastKnownFileType = sourcecode.c.h; path = "NSDate+VowelCounting.h"; sourceTree = "<group>"; };
		42EF219F1D0D5AA000338A2A /* NSDate+VowelCounting.m */ = {isa = PBXFileReference; fileEncoding = 4; lastKnownFileType = sourcecode.c.objc; path = "NSDate+VowelCounting.m"; sourceTree = "<group>"; };
/* End PBXFileReference section */

/* Begin PBXFrameworksBuildPhase section */
		42EF21911D0D5A8400338A2A /* Frameworks */ = {
			isa = PBXFrameworksBuildPhase;
			buildActionMask = 2147483647;
			files = (
			);
			runOnlyForDeploymentPostprocessing = 0;
		};
/* End PBXFrameworksBuildPhase section */

/* Begin PBXGroup section */
		42EF218B1D0D5A8400338A2A = {
			isa = PBXGroup;
			children = (
				42EF21961D0D5A8400338A2A /* DateMongerDemo */,
				42EF21951D0D5A8400338A2A /* Products */,
			);
			sourceTree = "<group>";
		};
		42EF21951D0D5A8400338A2A /* Products */ = {
			isa = PBXGroup;
			children = (
				42EF21941D0D5A8400338A2A /* DateMongerDemo */,
			);
			name = Products;
			sourceTree = "<group>";
		};
		42EF21961D0D5A8400338A2A /* DateMongerDemo */ = {
			isa = PBXGroup;
			children = (
				42EF219E1D0D5AA000338A2A /* NSDate+VowelCounting.h */,
				42EF219F1D0D5AA000338A2A /* NSDate+VowelCounting.m */,
				42EF21971D0D5A8400338A2A /* main.m */,
			);
			path = DateMongerDemo;
			sourceTree = "<group>";
		};
/* End PBXGroup section */

/* Begin PBXNativeTarget section */
		42EF21931D0D5A8400338A2A /* DateMongerDemo */ = {
			isa = PBXNativeTarget;
			buildConfigurationList = 42EF219B1D0D5A8400338A2A /* Build configuration list for PBXNativeTarget "DateMongerDemo" */;
			buildPhases = (
				42EF21901D0D5A8400338A2A /* Sources */,
				42EF21911D0D5A8400338A2A /* Frameworks */,
				42EF21921D0D5A8400338A2A /* CopyFiles */,
			);
			buildRules = (
			);
			dependencies = (
			);
			name = DateMongerDemo;
			productName = DateMongerDemo;
			productReference = 42EF21941D0D5A8400338A2A /* DateMongerDemo */;
			productType = "com.apple.product-type.tool";
		};
/* End PBXNativeTarget section */

/* Begin PBXProject section */
		42EF218C1D0D5A8400338A2A /* Project object */ = {
			isa = PBXProject;
			attributes = {
				LastUpgradeCheck = 0730;
				ORGANIZATIONNAME = Kingson;
				TargetAttributes = {
					42EF21931D0D5A8400338A2A = {
						CreatedOnToolsVersion = 7.3.1;
					};
				};
			};
			buildConfigurationList = 42EF218F1D0D5A8400338A2A /* Build configuration list for PBXProject "DateMongerDemo" */;
			compatibilityVersion = "Xcode 3.2";
			developmentRegion = English;
			hasScannedForEncodings = 0;
			knownRegions = (
				en,
			);
			mainGroup = 42EF218B1D0D5A8400338A2A;
			productRefGroup = 42EF21951D0D5A8400338A2A /* Products */;
			projectDirPath = "";
			projectRoot = "";
			targets = (
				42EF21931D0D5A8400338A2A /* DateMongerDemo */,
			);
		};
/* End PBXProject section */

/* Begin PBXSourcesBuildPhase section */
		42EF21901D0D5A8400338A2A /* Sources */ = {
			isa = PBXSourcesBuildPhase;
			buildActionMask = 2147483647;
			files = (
				42EF21981D0D5A8400338A2A /* main.m in Sources */,
				42EF21A01D0D5AA000338A2A /* NSDate+VowelCounting.m in Sources */,
			);
			runOnlyForDeploymentPostprocessing = 0;
		};
/* End PBXSourcesBuildPhase section */

/* Begin XCBuildConfiguration section */
		42EF21991D0D5A8400338A2A /* Debug */ = {
			isa = XCBuildConfiguration;
			buildSettings = {
				ALWAYS_SEARCH_USER_PATHS = NO;
				CLANG_ANALYZER_NONNULL = YES;
				CLANG_CXX_LANGUAGE_STANDARD = "gnu++0x";
				CLANG_CXX_LIBRARY = "libc++";
				CLANG_ENABLE_MODULES = YES;
				CLANG_ENABLE_OBJC_ARC = YES;
				CLANG_WARN_BOOL_CONVERSION = YES;
				CLANG_WARN_CONSTANT_CONVERSION = YES;
				CLANG_WARN_DIRECT_OBJC_ISA_USAGE = YES_ERROR;
				CLANG_WARN_EMPTY_BODY = YES;
				CLANG_WARN_ENUM_CONVERSION = YES;
				CLANG_WARN_INT_CONVERSION = YES;
				CLANG_WARN_OBJC_ROOT_CLASS = YES_ERROR;
				CLANG_WARN_UNREACHABLE_CODE = YES;
				CLANG_WARN__DUPLICATE_METHOD_MATCH = YES;
				CODE_SIGN_IDENTITY = "-";
				COPY_PHASE_STRIP = NO;
				DEBUG_INFORMATION_FORMAT = dwarf;
				ENABLE_STRICT_OBJC_MSGSEND = YES;
				ENABLE_TESTABILITY = YES;
				GCC_C_LANGUAGE_STANDARD = gnu99;
				GCC_DYNAMIC_NO_PIC = NO;
				GCC_NO_COMMON_BLOCKS = YES;
				GCC_OPTIMIZATION_LEVEL = 0;
				GCC_PREPROCESSOR_DEFINITIONS = (
					"DEBUG=1",
					"$(inherited)",
				);
				GCC_WARN_64_TO_32_BIT_CONVERSION = YES;
				GCC_WARN_ABOUT_RETURN_TYPE = YES_ERROR;
				GCC_WARN_UNDECLARED_SELECTOR = YES;
				GCC_WARN_UNINITIALIZED_AUTOS = YES_AGGRESSIVE;
				GCC_WARN_UNUSED_FUNCTION = YES;
				GCC_WARN_UNUSED_VARIABLE = YES;
				MACOSX_DEPLOYMENT_TARGET = 10.11;
				MTL_ENABLE_DEBUG_INFO = YES;
				ONLY_ACTIVE_ARCH = YES;
				SDKROOT = macosx;
			};
			name = Debug;
		};
		42EF219A1D0D5A8400338A2A /* Release */ = {
			isa = XCBuildConfiguration;
			buildSettings = {
				ALWAYS_SEARCH_USER_PATHS = NO;
				CLANG_ANALYZER_NONNULL = YES;
				CLANG_CXX_LANGUAGE_STANDARD = "gnu++0x";
				CLANG_CXX_LIBRARY = "libc++";
				CLANG_ENABLE_MODULES = YES;
				CLANG_ENABLE_OBJC_ARC = YES;
				CLANG_WARN_BOOL_CONVERSION = YES;
				CLANG_WARN_CONSTANT_CONVERSION = YES;
				CLANG_WARN_DIRECT_OBJC_ISA_USAGE = YES_ERROR;
				CLANG_WARN_EMPTY_BODY = YES;
				CLANG_WARN_ENUM_CONVERSION = YES;
				CLANG_WARN_INT_CONVERSION = YES;
				CLANG_WARN_OBJC_ROOT_CLASS = YES_ERROR;
				CLANG_WARN_UNREACHABLE_CODE = YES;
				CLANG_WARN__DUPLICATE_METHOD_MATCH = YES;
				CODE_SIGN_IDENTITY = "-";
				COPY_PHASE_STRIP = NO;
				DEBUG_INFORMATION_FORMAT = "dwarf-with-dsym";
				ENABLE_NS_ASSERTIONS = NO;
				ENABLE_STRICT_OBJC_MSGSEND = YES;
				GCC_C_LANGUAGE_STANDARD = gnu99;
				GCC_NO_COMMON_BLOCKS = YES;
				GCC_WARN_64_TO_32_BIT_CONVERSION = YES;
				GCC_WARN_ABOUT_RETURN_TYPE = YES_ERROR;
				GCC_WARN_UNDECLARED_SELECTOR = YES;
				GCC_WARN_UNINITIALIZED_AUTOS = YES_AGGRESSIVE;
				GCC_WARN_UNUSED_FUNCTION = YES;
				GCC_WARN_UNUSED_VARIABLE = YES;
				MACOSX_DEPLOYMENT_TARGET = 10.11;
				MTL_ENABLE_DEBUG_INFO = NO;
				SDKROOT = macosx;
			};
			name = Release;
		};
		42EF219C1D0D5A8400338A2A /* Debug */ = {
			isa = XCBuildConfiguration;
			buildSettings = {
				PRODUCT_NAME = "$(TARGET_NAME)";
			};
			name = Debug;
		};
		42EF219D1D0D5A8400338A2A /* Release */ = {
			isa = XCBuildConfiguration;
			buildSettings = {
				PRODUCT_NAME = "$(TARGET_NAME)";
			};
			name = Release;
		};
/* End XCBuildConfiguration section */

/* Begin XCConfigurationList section */
		42EF218F1D0D5A8400338A2A /* Build configuration list for PBXProject "DateMongerDemo" */ = {
			isa = XCConfigurationList;
			buildConfigurations = (
				42EF21991D0D5A8400338A2A /* Debug */,
				42EF219A1D0D5A8400338A2A /* Release */,
			);
			defaultConfigurationIsVisible = 0;
			defaultConfigurationName = Release;
		};
		42EF219B1D0D5A8400338A2A /* Build configuration list for PBXNativeTarget "DateMongerDemo" */ = {
			isa = XCConfigurationList;
			buildConfigurations = (
				42EF219C1D0D5A8400338A2A /* Debug */,
				42EF219D1D0D5A8400338A2A /* Release */,
			);
			defaultConfigurationIsVisible = 0;
		};
/* End XCConfigurationList section */
	};
	rootObject = 42EF218C1D0D5A8400338A2A /* Project object */;
}
